<?xml version="1.0" encoding="utf-8"?>
<Project ToolsVersion="4.0" xmlns="http://schemas.microsoft.com/developer/msbuild/2003">
  <ItemGroup>
    <ClCompile Include="main.c" />
    <ClCompile Include="common.c" />
    <ClCompile Include="token.c" />
    <ClCompile Include="bsp.c" />
    <ClCompile Include="archive.c" />
    <ClCompile Include="lib\argtable3.c" />
  </ItemGroup>
  <ItemGroup>
    <ClInclude Include="token.h" />
    <ClInclude Include="common.h" />
    <ClInclude Include="bsp.h" />
    <ClInclude Include="archive.h" />
    <ClInclude Include="lib\argtable3.h" />
    <ClInclude Include="lib\tinydir.h" />
  </ItemGroup>
</Project>