<?xml version="1.0" encoding="utf-8"?>
<Project ToolsVersion="4.0" xmlns="http://schemas.microsoft.com/developer/msbuild/2003">
  <ItemGroup>
    <ClCompile Include="src\archive.c" />
    <ClCompile Include="src\bsp.c" />
    <ClCompile Include="src\common.c" />
    <ClCompile Include="src\main.c" />
    <ClCompile Include="src\token.c" />
    <ClCompile Include="ext\argtable3.c" />
    <ClCompile Include="ext\miniz.c" />
  </ItemGroup>
  <ItemGroup>
    <ClInclude Include="src\archive.h" />
    <ClInclude Include="src\bsp.h" />
    <ClInclude Include="src\common.h" />
    <ClInclude Include="src\token.h" />
    <ClInclude Include="ext\argtable3.h" />
    <ClInclude Include="ext\miniz.h" />
    <ClInclude Include="ext\tinydir.h" />
  </ItemGroup>
  <ItemGroup>
    <None Include="res\goldsrc-manifest.lst" />
  </ItemGroup>
</Project>